
Microsoft Visual Studio Solution File, Format Version 12.00
# Visual Studio for Mac
Project("{FAE04EC0-301F-11D3-BF4B-00C04F79EFBC}") = "Assembly-CSharp", "Assembly-CSharp.csproj", "{0CB893A8-D8B9-2ACF-8992-5C2A3755851C}"
EndProject
Project("{FAE04EC0-301F-11D3-BF4B-00C04F79EFBC}") = "Assembly-CSharp-Editor", "Assembly-CSharp-Editor.csproj", "{11445992-2A87-AA2E-5547-0BCF9558F777}"
EndProject
Global
	GlobalSection(SolutionConfigurationPlatforms) = preSolution
		Debug|Any CPU = Debug|Any CPU
		Release|Any CPU = Release|Any CPU
	EndGlobalSection
	GlobalSection(ProjectConfigurationPlatforms) = postSolution
		{0CB893A8-D8B9-2ACF-8992-5C2A3755851C}.Debug|Any CPU.ActiveCfg = Debug|Any CPU
		{0CB893A8-D8B9-2ACF-8992-5C2A3755851C}.Debug|Any CPU.Build.0 = Debug|Any CPU
		{0CB893A8-D8B9-2ACF-8992-5C2A3755851C}.Release|Any CPU.ActiveCfg = Release|Any CPU
		{0CB893A8-D8B9-2ACF-8992-5C2A3755851C}.Release|Any CPU.Build.0 = Release|Any CPU
		{11445992-2A87-AA2E-5547-0BCF9558F777}.Debug|Any CPU.ActiveCfg = Debug|Any CPU
		{11445992-2A87-AA2E-5547-0BCF9558F777}.Debug|Any CPU.Build.0 = Debug|Any CPU
		{11445992-2A87-AA2E-5547-0BCF9558F777}.Release|Any CPU.ActiveCfg = Release|Any CPU
		{11445992-2A87-AA2E-5547-0BCF9558F777}.Release|Any CPU.Build.0 = Release|Any CPU
	EndGlobalSection
	GlobalSection(SolutionProperties) = preSolution
		HideSolutionNode = FALSE
	EndGlobalSection
EndGlobal
