
Microsoft Visual Studio Solution File, Format Version 12.00
# Visual Studio for Mac
Project("{FAE04EC0-301F-11D3-BF4B-00C04F79EFBC}") = "Assembly-CSharp", "Assembly-CSharp.csproj", "{F8B27AA7-A47C-6A56-FC63-C0BDE37023FC}"
EndProject
Project("{FAE04EC0-301F-11D3-BF4B-00C04F79EFBC}") = "Assembly-CSharp-Editor", "Assembly-CSharp-Editor.csproj", "{A8955AE1-AA93-0FC2-1A6C-15D7E6141262}"
EndProject
Global
	GlobalSection(SolutionConfigurationPlatforms) = preSolution
		Debug|Any CPU = Debug|Any CPU
		Release|Any CPU = Release|Any CPU
	EndGlobalSection
	GlobalSection(ProjectConfigurationPlatforms) = postSolution
		{F8B27AA7-A47C-6A56-FC63-C0BDE37023FC}.Debug|Any CPU.ActiveCfg = Debug|Any CPU
		{F8B27AA7-A47C-6A56-FC63-C0BDE37023FC}.Debug|Any CPU.Build.0 = Debug|Any CPU
		{F8B27AA7-A47C-6A56-FC63-C0BDE37023FC}.Release|Any CPU.ActiveCfg = Release|Any CPU
		{F8B27AA7-A47C-6A56-FC63-C0BDE37023FC}.Release|Any CPU.Build.0 = Release|Any CPU
		{A8955AE1-AA93-0FC2-1A6C-15D7E6141262}.Debug|Any CPU.ActiveCfg = Debug|Any CPU
		{A8955AE1-AA93-0FC2-1A6C-15D7E6141262}.Debug|Any CPU.Build.0 = Debug|Any CPU
		{A8955AE1-AA93-0FC2-1A6C-15D7E6141262}.Release|Any CPU.ActiveCfg = Release|Any CPU
		{A8955AE1-AA93-0FC2-1A6C-15D7E6141262}.Release|Any CPU.Build.0 = Release|Any CPU
	EndGlobalSection
	GlobalSection(SolutionProperties) = preSolution
		HideSolutionNode = FALSE
	EndGlobalSection
EndGlobal
